
Microsoft Visual Studio Solution File, Format Version 12.00
# Visual Studio 15
VisualStudioVersion = 15.0.28307.705
MinimumVisualStudioVersion = 10.0.40219.1
Project("{FAE04EC0-301F-11D3-BF4B-00C04F79EFBC}") = "WindowsFormsApp11", "WindowsFormsApp11.csproj", "{6BB7214C-161D-4CDB-9C16-E19F44B2F151}"
EndProject
Global
	GlobalSection(SolutionConfigurationPlatforms) = preSolution
		Debug|Any CPU = Debug|Any CPU
		Release|Any CPU = Release|Any CPU
	EndGlobalSection
	GlobalSection(ProjectConfigurationPlatforms) = postSolution
		{6BB7214C-161D-4CDB-9C16-E19F44B2F151}.Debug|Any CPU.ActiveCfg = Debug|Any CPU
		{6BB7214C-161D-4CDB-9C16-E19F44B2F151}.Debug|Any CPU.Build.0 = Debug|Any CPU
		{6BB7214C-161D-4CDB-9C16-E19F44B2F151}.Release|Any CPU.ActiveCfg = Release|Any CPU
		{6BB7214C-161D-4CDB-9C16-E19F44B2F151}.Release|Any CPU.Build.0 = Release|Any CPU
	EndGlobalSection
	GlobalSection(SolutionProperties) = preSolution
		HideSolutionNode = FALSE
	EndGlobalSection
	GlobalSection(ExtensibilityGlobals) = postSolution
		SolutionGuid = {7BFCE67D-9E34-41FF-A842-16952E11A8C0}
	EndGlobalSection
EndGlobal
